
Microsoft Visual Studio Solution File, Format Version 12.00
# Visual Studio Version 16
VisualStudioVersion = 16.0.29920.165
MinimumVisualStudioVersion = 10.0.40219.1
Project("{FAE04EC0-301F-11D3-BF4B-00C04F79EFBC}") = "Stock-Purchase", "Stock-Purchase.csproj", "{950D4DDC-06EF-40B5-BA62-62C6AC905553}"
EndProject
Global
	GlobalSection(SolutionConfigurationPlatforms) = preSolution
		Debug|Any CPU = Debug|Any CPU
		Release|Any CPU = Release|Any CPU
	EndGlobalSection
	GlobalSection(ProjectConfigurationPlatforms) = postSolution
		{950D4DDC-06EF-40B5-BA62-62C6AC905553}.Debug|Any CPU.ActiveCfg = Debug|Any CPU
		{950D4DDC-06EF-40B5-BA62-62C6AC905553}.Debug|Any CPU.Build.0 = Debug|Any CPU
		{950D4DDC-06EF-40B5-BA62-62C6AC905553}.Release|Any CPU.ActiveCfg = Release|Any CPU
		{950D4DDC-06EF-40B5-BA62-62C6AC905553}.Release|Any CPU.Build.0 = Release|Any CPU
	EndGlobalSection
	GlobalSection(SolutionProperties) = preSolution
		HideSolutionNode = FALSE
	EndGlobalSection
	GlobalSection(ExtensibilityGlobals) = postSolution
		SolutionGuid = {A776FB80-3835-4C59-A344-50926AF6C362}
	EndGlobalSection
EndGlobal
